
Microsoft Visual Studio Solution File, Format Version 12.00
# Visual Studio Version 16
VisualStudioVersion = 16.0.31729.503
MinimumVisualStudioVersion = 10.0.40219.1
Project("{FAE04EC0-301F-11D3-BF4B-00C04F79EFBC}") = "VehicleManagementSystem", "VehicleManagemnetSystem\VehicleManagementSystem.csproj", "{E1D608EA-903D-4C79-A9DE-97EB75319606}"
EndProject
Global
	GlobalSection(SolutionConfigurationPlatforms) = preSolution
		Debug|Any CPU = Debug|Any CPU
		Release|Any CPU = Release|Any CPU
	EndGlobalSection
	GlobalSection(ProjectConfigurationPlatforms) = postSolution
		{E1D608EA-903D-4C79-A9DE-97EB75319606}.Debug|Any CPU.ActiveCfg = Debug|Any CPU
		{E1D608EA-903D-4C79-A9DE-97EB75319606}.Debug|Any CPU.Build.0 = Debug|Any CPU
		{E1D608EA-903D-4C79-A9DE-97EB75319606}.Release|Any CPU.ActiveCfg = Release|Any CPU
		{E1D608EA-903D-4C79-A9DE-97EB75319606}.Release|Any CPU.Build.0 = Release|Any CPU
	EndGlobalSection
	GlobalSection(SolutionProperties) = preSolution
		HideSolutionNode = FALSE
	EndGlobalSection
	GlobalSection(ExtensibilityGlobals) = postSolution
		SolutionGuid = {51C25BF2-CB5B-43D4-AFCB-614ED8CF7104}
	EndGlobalSection
EndGlobal
